
Microsoft Visual Studio Solution File, Format Version 12.00
# Visual Studio 14
VisualStudioVersion = 14.0.24720.0
MinimumVisualStudioVersion = 10.0.40219.1
Project("{FAE04EC0-301F-11D3-BF4B-00C04F79EFBC}") = "UnstuckMEServer", "UnstuckMEServer\UnstuckMEServer.csproj", "{855A456B-216A-46A4-BF20-A04C9639C04C}"
EndProject
Project("{FAE04EC0-301F-11D3-BF4B-00C04F79EFBC}") = "UnstuckMEInterfaces", "UnstuckMEInterfaces\UnstuckMEInterfaces.csproj", "{D42B1E14-AC26-4947-A68C-168849BA8DB7}"
EndProject
Project("{FAE04EC0-301F-11D3-BF4B-00C04F79EFBC}") = "UnstuckMEUserGUI", "UnstuckMEUserGUI\UnstuckMEUserGUI\UnstuckMEUserGUI.csproj", "{3FD3E7CC-1F8F-4934-ACC0-CE0E3B9E324E}"
EndProject
Project("{FAE04EC0-301F-11D3-BF4B-00C04F79EFBC}") = "UnstuckMEServerGUI", "UnstuckMEServerGUI\UnstuckMEServerGUI.csproj", "{B752AFE6-DFF6-40BB-A473-134FD614F0A3}"
EndProject
Project("{FAE04EC0-301F-11D3-BF4B-00C04F79EFBC}") = "UnstuckME_Classes", "UnstuckME_Classes\UnstuckME_Classes.csproj", "{A0401A05-8CD6-4227-BD7C-32DEADC38143}"
EndProject
Project("{FAE04EC0-301F-11D3-BF4B-00C04F79EFBC}") = "UnstuckMeLoggers", "UnstuckMeLoggers\UnstuckMeLoggers.csproj", "{F98412B3-DB0D-4847-98B5-D602838923F5}"
EndProject
Global
	GlobalSection(SolutionConfigurationPlatforms) = preSolution
		Debug|Any CPU = Debug|Any CPU
		Release|Any CPU = Release|Any CPU
	EndGlobalSection
	GlobalSection(ProjectConfigurationPlatforms) = postSolution
		{855A456B-216A-46A4-BF20-A04C9639C04C}.Debug|Any CPU.ActiveCfg = Debug|Any CPU
		{855A456B-216A-46A4-BF20-A04C9639C04C}.Debug|Any CPU.Build.0 = Debug|Any CPU
		{855A456B-216A-46A4-BF20-A04C9639C04C}.Release|Any CPU.ActiveCfg = Release|Any CPU
		{855A456B-216A-46A4-BF20-A04C9639C04C}.Release|Any CPU.Build.0 = Release|Any CPU
		{D42B1E14-AC26-4947-A68C-168849BA8DB7}.Debug|Any CPU.ActiveCfg = Debug|Any CPU
		{D42B1E14-AC26-4947-A68C-168849BA8DB7}.Debug|Any CPU.Build.0 = Debug|Any CPU
		{D42B1E14-AC26-4947-A68C-168849BA8DB7}.Release|Any CPU.ActiveCfg = Release|Any CPU
		{D42B1E14-AC26-4947-A68C-168849BA8DB7}.Release|Any CPU.Build.0 = Release|Any CPU
		{3FD3E7CC-1F8F-4934-ACC0-CE0E3B9E324E}.Debug|Any CPU.ActiveCfg = Debug|Any CPU
		{3FD3E7CC-1F8F-4934-ACC0-CE0E3B9E324E}.Debug|Any CPU.Build.0 = Debug|Any CPU
		{3FD3E7CC-1F8F-4934-ACC0-CE0E3B9E324E}.Release|Any CPU.ActiveCfg = Release|Any CPU
		{3FD3E7CC-1F8F-4934-ACC0-CE0E3B9E324E}.Release|Any CPU.Build.0 = Release|Any CPU
		{B752AFE6-DFF6-40BB-A473-134FD614F0A3}.Debug|Any CPU.ActiveCfg = Debug|Any CPU
		{B752AFE6-DFF6-40BB-A473-134FD614F0A3}.Debug|Any CPU.Build.0 = Debug|Any CPU
		{B752AFE6-DFF6-40BB-A473-134FD614F0A3}.Release|Any CPU.ActiveCfg = Release|Any CPU
		{B752AFE6-DFF6-40BB-A473-134FD614F0A3}.Release|Any CPU.Build.0 = Release|Any CPU
		{A0401A05-8CD6-4227-BD7C-32DEADC38143}.Debug|Any CPU.ActiveCfg = Debug|Any CPU
		{A0401A05-8CD6-4227-BD7C-32DEADC38143}.Debug|Any CPU.Build.0 = Debug|Any CPU
		{A0401A05-8CD6-4227-BD7C-32DEADC38143}.Release|Any CPU.ActiveCfg = Release|Any CPU
		{A0401A05-8CD6-4227-BD7C-32DEADC38143}.Release|Any CPU.Build.0 = Release|Any CPU
		{F98412B3-DB0D-4847-98B5-D602838923F5}.Debug|Any CPU.ActiveCfg = Debug|Any CPU
		{F98412B3-DB0D-4847-98B5-D602838923F5}.Debug|Any CPU.Build.0 = Debug|Any CPU
		{F98412B3-DB0D-4847-98B5-D602838923F5}.Release|Any CPU.ActiveCfg = Release|Any CPU
		{F98412B3-DB0D-4847-98B5-D602838923F5}.Release|Any CPU.Build.0 = Release|Any CPU
	EndGlobalSection
	GlobalSection(SolutionProperties) = preSolution
		HideSolutionNode = FALSE
	EndGlobalSection
EndGlobal
