
Microsoft Visual Studio Solution File, Format Version 12.00
# Visual Studio 14
VisualStudioVersion = 14.0.25420.1
MinimumVisualStudioVersion = 10.0.40219.1
Project("{00D1A9C2-B5F0-4AF3-8072-F6C62B433612}") = "UnstuckMeDatabaseProject", "..\UnstuckMeDatabaseProject\UnstuckMeDatabaseProject.sqlproj", "{37DAD56D-6E9A-4785-8C76-17A40ED796F2}"
EndProject
Project("{FAE04EC0-301F-11D3-BF4B-00C04F79EFBC}") = "TestProject1", "TestProject1\TestProject1.csproj", "{A68EA883-F6AE-437D-A397-CCC1D8A2AC40}"
EndProject
Global
	GlobalSection(SolutionConfigurationPlatforms) = preSolution
		Debug|Any CPU = Debug|Any CPU
		Release|Any CPU = Release|Any CPU
	EndGlobalSection
	GlobalSection(ProjectConfigurationPlatforms) = postSolution
		{37DAD56D-6E9A-4785-8C76-17A40ED796F2}.Debug|Any CPU.ActiveCfg = Debug|Any CPU
		{37DAD56D-6E9A-4785-8C76-17A40ED796F2}.Debug|Any CPU.Build.0 = Debug|Any CPU
		{37DAD56D-6E9A-4785-8C76-17A40ED796F2}.Debug|Any CPU.Deploy.0 = Debug|Any CPU
		{37DAD56D-6E9A-4785-8C76-17A40ED796F2}.Release|Any CPU.ActiveCfg = Release|Any CPU
		{37DAD56D-6E9A-4785-8C76-17A40ED796F2}.Release|Any CPU.Build.0 = Release|Any CPU
		{37DAD56D-6E9A-4785-8C76-17A40ED796F2}.Release|Any CPU.Deploy.0 = Release|Any CPU
		{A68EA883-F6AE-437D-A397-CCC1D8A2AC40}.Debug|Any CPU.ActiveCfg = Debug|Any CPU
		{A68EA883-F6AE-437D-A397-CCC1D8A2AC40}.Debug|Any CPU.Build.0 = Debug|Any CPU
		{A68EA883-F6AE-437D-A397-CCC1D8A2AC40}.Release|Any CPU.ActiveCfg = Release|Any CPU
		{A68EA883-F6AE-437D-A397-CCC1D8A2AC40}.Release|Any CPU.Build.0 = Release|Any CPU
	EndGlobalSection
	GlobalSection(SolutionProperties) = preSolution
		HideSolutionNode = FALSE
	EndGlobalSection
EndGlobal
